
Microsoft Visual Studio Solution File, Format Version 12.00
# Visual Studio 15
VisualStudioVersion = 15.0.27428.2015
MinimumVisualStudioVersion = 10.0.40219.1
Project("{FAE04EC0-301F-11D3-BF4B-00C04F79EFBC}") = "adressbook-test", "adressbook-test\adressbook-test.csproj", "{C354E0AA-0B0D-4AAD-B93D-7D39D28418ED}"
EndProject
Global
	GlobalSection(SolutionConfigurationPlatforms) = preSolution
		Debug|Any CPU = Debug|Any CPU
		Release|Any CPU = Release|Any CPU
	EndGlobalSection
	GlobalSection(ProjectConfigurationPlatforms) = postSolution
		{C354E0AA-0B0D-4AAD-B93D-7D39D28418ED}.Debug|Any CPU.ActiveCfg = Debug|Any CPU
		{C354E0AA-0B0D-4AAD-B93D-7D39D28418ED}.Debug|Any CPU.Build.0 = Debug|Any CPU
		{C354E0AA-0B0D-4AAD-B93D-7D39D28418ED}.Release|Any CPU.ActiveCfg = Release|Any CPU
		{C354E0AA-0B0D-4AAD-B93D-7D39D28418ED}.Release|Any CPU.Build.0 = Release|Any CPU
	EndGlobalSection
	GlobalSection(SolutionProperties) = preSolution
		HideSolutionNode = FALSE
	EndGlobalSection
	GlobalSection(ExtensibilityGlobals) = postSolution
		SolutionGuid = {B30C9944-F2FB-45CC-BFD3-0F65D08F5CF4}
	EndGlobalSection
EndGlobal
